// !$*UTF8*$!
{
	archiveVersion = 1;
	classes = {
	};
	objectVersion = 48;
	objects = {

/* Begin PBXBuildFile section */
		FA2AD7B52058328900A7C0C5 /* AppDelegate.swift in Sources */ = {isa = PBXBuildFile; fileRef = FA2AD7B42058328900A7C0C5 /* AppDelegate.swift */; };
		FA2AD7B72058328900A7C0C5 /* ViewController.swift in Sources */ = {isa = PBXBuildFile; fileRef = FA2AD7B62058328900A7C0C5 /* ViewController.swift */; };
		FA2AD7BA2058328900A7C0C5 /* Main.storyboard in Resources */ = {isa = PBXBuildFile; fileRef = FA2AD7B82058328900A7C0C5 /* Main.storyboard */; };
		FA2AD7BC2058328900A7C0C5 /* Assets.xcassets in Resources */ = {isa = PBXBuildFile; fileRef = FA2AD7BB2058328900A7C0C5 /* Assets.xcassets */; };
		FA2AD7BF2058328900A7C0C5 /* LaunchScreen.storyboard in Resources */ = {isa = PBXBuildFile; fileRef = FA2AD7BD2058328900A7C0C5 /* LaunchScreen.storyboard */; };
		FA2AD7CA2058328900A7C0C5 /* SQLitePersistenceEricWTests.swift in Sources */ = {isa = PBXBuildFile; fileRef = FA2AD7C92058328900A7C0C5 /* SQLitePersistenceEricWTests.swift */; };
		FA2AD7D52058328900A7C0C5 /* SQLitePersistenceEricWUITests.swift in Sources */ = {isa = PBXBuildFile; fileRef = FA2AD7D42058328900A7C0C5 /* SQLitePersistenceEricWUITests.swift */; };
/* End PBXBuildFile section */

/* Begin PBXContainerItemProxy section */
		FA2AD7C62058328900A7C0C5 /* PBXContainerItemProxy */ = {
			isa = PBXContainerItemProxy;
			containerPortal = FA2AD7A92058328900A7C0C5 /* Project object */;
			proxyType = 1;
			remoteGlobalIDString = FA2AD7B02058328900A7C0C5;
			remoteInfo = SQLitePersistenceEricW;
		};
		FA2AD7D12058328900A7C0C5 /* PBXContainerItemProxy */ = {
			isa = PBXContainerItemProxy;
			containerPortal = FA2AD7A92058328900A7C0C5 /* Project object */;
			proxyType = 1;
			remoteGlobalIDString = FA2AD7B02058328900A7C0C5;
			remoteInfo = SQLitePersistenceEricW;
		};
/* End PBXContainerItemProxy section */

/* Begin PBXFileReference section */
		FA2AD7B12058328900A7C0C5 /* SQLitePersistenceEricW.app */ = {isa = PBXFileReference; explicitFileType = wrapper.application; includeInIndex = 0; path = SQLitePersistenceEricW.app; sourceTree = BUILT_PRODUCTS_DIR; };
		FA2AD7B42058328900A7C0C5 /* AppDelegate.swift */ = {isa = PBXFileReference; lastKnownFileType = sourcecode.swift; path = AppDelegate.swift; sourceTree = "<group>"; };
		FA2AD7B62058328900A7C0C5 /* ViewController.swift */ = {isa = PBXFileReference; lastKnownFileType = sourcecode.swift; path = ViewController.swift; sourceTree = "<group>"; };
		FA2AD7B92058328900A7C0C5 /* Base */ = {isa = PBXFileReference; lastKnownFileType = file.storyboard; name = Base; path = Base.lproj/Main.storyboard; sourceTree = "<group>"; };
		FA2AD7BB2058328900A7C0C5 /* Assets.xcassets */ = {isa = PBXFileReference; lastKnownFileType = folder.assetcatalog; path = Assets.xcassets; sourceTree = "<group>"; };
		FA2AD7BE2058328900A7C0C5 /* Base */ = {isa = PBXFileReference; lastKnownFileType = file.storyboard; name = Base; path = Base.lproj/LaunchScreen.storyboard; sourceTree = "<group>"; };
		FA2AD7C02058328900A7C0C5 /* Info.plist */ = {isa = PBXFileReference; lastKnownFileType = text.plist.xml; path = Info.plist; sourceTree = "<group>"; };
		FA2AD7C52058328900A7C0C5 /* SQLitePersistenceEricWTests.xctest */ = {isa = PBXFileReference; explicitFileType = wrapper.cfbundle; includeInIndex = 0; path = SQLitePersistenceEricWTests.xctest; sourceTree = BUILT_PRODUCTS_DIR; };
		FA2AD7C92058328900A7C0C5 /* SQLitePersistenceEricWTests.swift */ = {isa = PBXFileReference; lastKnownFileType = sourcecode.swift; path = SQLitePersistenceEricWTests.swift; sourceTree = "<group>"; };
		FA2AD7CB2058328900A7C0C5 /* Info.plist */ = {isa = PBXFileReference; lastKnownFileType = text.plist.xml; path = Info.plist; sourceTree = "<group>"; };
		FA2AD7D02058328900A7C0C5 /* SQLitePersistenceEricWUITests.xctest */ = {isa = PBXFileReference; explicitFileType = wrapper.cfbundle; includeInIndex = 0; path = SQLitePersistenceEricWUITests.xctest; sourceTree = BUILT_PRODUCTS_DIR; };
		FA2AD7D42058328900A7C0C5 /* SQLitePersistenceEricWUITests.swift */ = {isa = PBXFileReference; lastKnownFileType = sourcecode.swift; path = SQLitePersistenceEricWUITests.swift; sourceTree = "<group>"; };
		FA2AD7D62058328900A7C0C5 /* Info.plist */ = {isa = PBXFileReference; lastKnownFileType = text.plist.xml; path = Info.plist; sourceTree = "<group>"; };
/* End PBXFileReference section */

/* Begin PBXFrameworksBuildPhase section */
		FA2AD7AE2058328900A7C0C5 /* Frameworks */ = {
			isa = PBXFrameworksBuildPhase;
			buildActionMask = 2147483647;
			files = (
			);
			runOnlyForDeploymentPostprocessing = 0;
		};
		FA2AD7C22058328900A7C0C5 /* Frameworks */ = {
			isa = PBXFrameworksBuildPhase;
			buildActionMask = 2147483647;
			files = (
			);
			runOnlyForDeploymentPostprocessing = 0;
		};
		FA2AD7CD2058328900A7C0C5 /* Frameworks */ = {
			isa = PBXFrameworksBuildPhase;
			buildActionMask = 2147483647;
			files = (
			);
			runOnlyForDeploymentPostprocessing = 0;
		};
/* End PBXFrameworksBuildPhase section */

/* Begin PBXGroup section */
		FA2AD7A82058328900A7C0C5 = {
			isa = PBXGroup;
			children = (
				FA2AD7B32058328900A7C0C5 /* SQLitePersistenceEricW */,
				FA2AD7C82058328900A7C0C5 /* SQLitePersistenceEricWTests */,
				FA2AD7D32058328900A7C0C5 /* SQLitePersistenceEricWUITests */,
				FA2AD7B22058328900A7C0C5 /* Products */,
			);
			sourceTree = "<group>";
		};
		FA2AD7B22058328900A7C0C5 /* Products */ = {
			isa = PBXGroup;
			children = (
				FA2AD7B12058328900A7C0C5 /* SQLitePersistenceEricW.app */,
				FA2AD7C52058328900A7C0C5 /* SQLitePersistenceEricWTests.xctest */,
				FA2AD7D02058328900A7C0C5 /* SQLitePersistenceEricWUITests.xctest */,
			);
			name = Products;
			sourceTree = "<group>";
		};
		FA2AD7B32058328900A7C0C5 /* SQLitePersistenceEricW */ = {
			isa = PBXGroup;
			children = (
				FA2AD7B42058328900A7C0C5 /* AppDelegate.swift */,
				FA2AD7B62058328900A7C0C5 /* ViewController.swift */,
				FA2AD7B82058328900A7C0C5 /* Main.storyboard */,
				FA2AD7BB2058328900A7C0C5 /* Assets.xcassets */,
				FA2AD7BD2058328900A7C0C5 /* LaunchScreen.storyboard */,
				FA2AD7C02058328900A7C0C5 /* Info.plist */,
			);
			path = SQLitePersistenceEricW;
			sourceTree = "<group>";
		};
		FA2AD7C82058328900A7C0C5 /* SQLitePersistenceEricWTests */ = {
			isa = PBXGroup;
			children = (
				FA2AD7C92058328900A7C0C5 /* SQLitePersistenceEricWTests.swift */,
				FA2AD7CB2058328900A7C0C5 /* Info.plist */,
			);
			path = SQLitePersistenceEricWTests;
			sourceTree = "<group>";
		};
		FA2AD7D32058328900A7C0C5 /* SQLitePersistenceEricWUITests */ = {
			isa = PBXGroup;
			children = (
				FA2AD7D42058328900A7C0C5 /* SQLitePersistenceEricWUITests.swift */,
				FA2AD7D62058328900A7C0C5 /* Info.plist */,
			);
			path = SQLitePersistenceEricWUITests;
			sourceTree = "<group>";
		};
/* End PBXGroup section */

/* Begin PBXNativeTarget section */
		FA2AD7B02058328900A7C0C5 /* SQLitePersistenceEricW */ = {
			isa = PBXNativeTarget;
			buildConfigurationList = FA2AD7D92058328900A7C0C5 /* Build configuration list for PBXNativeTarget "SQLitePersistenceEricW" */;
			buildPhases = (
				FA2AD7AD2058328900A7C0C5 /* Sources */,
				FA2AD7AE2058328900A7C0C5 /* Frameworks */,
				FA2AD7AF2058328900A7C0C5 /* Resources */,
			);
			buildRules = (
			);
			dependencies = (
			);
			name = SQLitePersistenceEricW;
			productName = SQLitePersistenceEricW;
			productReference = FA2AD7B12058328900A7C0C5 /* SQLitePersistenceEricW.app */;
			productType = "com.apple.product-type.application";
		};
		FA2AD7C42058328900A7C0C5 /* SQLitePersistenceEricWTests */ = {
			isa = PBXNativeTarget;
			buildConfigurationList = FA2AD7DC2058328900A7C0C5 /* Build configuration list for PBXNativeTarget "SQLitePersistenceEricWTests" */;
			buildPhases = (
				FA2AD7C12058328900A7C0C5 /* Sources */,
				FA2AD7C22058328900A7C0C5 /* Frameworks */,
				FA2AD7C32058328900A7C0C5 /* Resources */,
			);
			buildRules = (
			);
			dependencies = (
				FA2AD7C72058328900A7C0C5 /* PBXTargetDependency */,
			);
			name = SQLitePersistenceEricWTests;
			productName = SQLitePersistenceEricWTests;
			productReference = FA2AD7C52058328900A7C0C5 /* SQLitePersistenceEricWTests.xctest */;
			productType = "com.apple.product-type.bundle.unit-test";
		};
		FA2AD7CF2058328900A7C0C5 /* SQLitePersistenceEricWUITests */ = {
			isa = PBXNativeTarget;
			buildConfigurationList = FA2AD7DF2058328900A7C0C5 /* Build configuration list for PBXNativeTarget "SQLitePersistenceEricWUITests" */;
			buildPhases = (
				FA2AD7CC2058328900A7C0C5 /* Sources */,
				FA2AD7CD2058328900A7C0C5 /* Frameworks */,
				FA2AD7CE2058328900A7C0C5 /* Resources */,
			);
			buildRules = (
			);
			dependencies = (
				FA2AD7D22058328900A7C0C5 /* PBXTargetDependency */,
			);
			name = SQLitePersistenceEricWUITests;
			productName = SQLitePersistenceEricWUITests;
			productReference = FA2AD7D02058328900A7C0C5 /* SQLitePersistenceEricWUITests.xctest */;
			productType = "com.apple.product-type.bundle.ui-testing";
		};
/* End PBXNativeTarget section */

/* Begin PBXProject section */
		FA2AD7A92058328900A7C0C5 /* Project object */ = {
			isa = PBXProject;
			attributes = {
				LastSwiftUpdateCheck = 0920;
				LastUpgradeCheck = 0920;
				ORGANIZATIONNAME = "Eric Witowski";
				TargetAttributes = {
					FA2AD7B02058328900A7C0C5 = {
						CreatedOnToolsVersion = 9.2;
						ProvisioningStyle = Automatic;
					};
					FA2AD7C42058328900A7C0C5 = {
						CreatedOnToolsVersion = 9.2;
						ProvisioningStyle = Automatic;
						TestTargetID = FA2AD7B02058328900A7C0C5;
					};
					FA2AD7CF2058328900A7C0C5 = {
						CreatedOnToolsVersion = 9.2;
						ProvisioningStyle = Automatic;
						TestTargetID = FA2AD7B02058328900A7C0C5;
					};
				};
			};
			buildConfigurationList = FA2AD7AC2058328900A7C0C5 /* Build configuration list for PBXProject "SQLitePersistenceEricW" */;
			compatibilityVersion = "Xcode 8.0";
			developmentRegion = en;
			hasScannedForEncodings = 0;
			knownRegions = (
				en,
				Base,
			);
			mainGroup = FA2AD7A82058328900A7C0C5;
			productRefGroup = FA2AD7B22058328900A7C0C5 /* Products */;
			projectDirPath = "";
			projectRoot = "";
			targets = (
				FA2AD7B02058328900A7C0C5 /* SQLitePersistenceEricW */,
				FA2AD7C42058328900A7C0C5 /* SQLitePersistenceEricWTests */,
				FA2AD7CF2058328900A7C0C5 /* SQLitePersistenceEricWUITests */,
			);
		};
/* End PBXProject section */

/* Begin PBXResourcesBuildPhase section */
		FA2AD7AF2058328900A7C0C5 /* Resources */ = {
			isa = PBXResourcesBuildPhase;
			buildActionMask = 2147483647;
			files = (
				FA2AD7BF2058328900A7C0C5 /* LaunchScreen.storyboard in Resources */,
				FA2AD7BC2058328900A7C0C5 /* Assets.xcassets in Resources */,
				FA2AD7BA2058328900A7C0C5 /* Main.storyboard in Resources */,
			);
			runOnlyForDeploymentPostprocessing = 0;
		};
		FA2AD7C32058328900A7C0C5 /* Resources */ = {
			isa = PBXResourcesBuildPhase;
			buildActionMask = 2147483647;
			files = (
			);
			runOnlyForDeploymentPostprocessing = 0;
		};
		FA2AD7CE2058328900A7C0C5 /* Resources */ = {
			isa = PBXResourcesBuildPhase;
			buildActionMask = 2147483647;
			files = (
			);
			runOnlyForDeploymentPostprocessing = 0;
		};
/* End PBXResourcesBuildPhase section */

/* Begin PBXSourcesBuildPhase section */
		FA2AD7AD2058328900A7C0C5 /* Sources */ = {
			isa = PBXSourcesBuildPhase;
			buildActionMask = 2147483647;
			files = (
				FA2AD7B72058328900A7C0C5 /* ViewController.swift in Sources */,
				FA2AD7B52058328900A7C0C5 /* AppDelegate.swift in Sources */,
			);
			runOnlyForDeploymentPostprocessing = 0;
		};
		FA2AD7C12058328900A7C0C5 /* Sources */ = {
			isa = PBXSourcesBuildPhase;
			buildActionMask = 2147483647;
			files = (
				FA2AD7CA2058328900A7C0C5 /* SQLitePersistenceEricWTests.swift in Sources */,
			);
			runOnlyForDeploymentPostprocessing = 0;
		};
		FA2AD7CC2058328900A7C0C5 /* Sources */ = {
			isa = PBXSourcesBuildPhase;
			buildActionMask = 2147483647;
			files = (
				FA2AD7D52058328900A7C0C5 /* SQLitePersistenceEricWUITests.swift in Sources */,
			);
			runOnlyForDeploymentPostprocessing = 0;
		};
/* End PBXSourcesBuildPhase section */

/* Begin PBXTargetDependency section */
		FA2AD7C72058328900A7C0C5 /* PBXTargetDependency */ = {
			isa = PBXTargetDependency;
			target = FA2AD7B02058328900A7C0C5 /* SQLitePersistenceEricW */;
			targetProxy = FA2AD7C62058328900A7C0C5 /* PBXContainerItemProxy */;
		};
		FA2AD7D22058328900A7C0C5 /* PBXTargetDependency */ = {
			isa = PBXTargetDependency;
			target = FA2AD7B02058328900A7C0C5 /* SQLitePersistenceEricW */;
			targetProxy = FA2AD7D12058328900A7C0C5 /* PBXContainerItemProxy */;
		};
/* End PBXTargetDependency section */

/* Begin PBXVariantGroup section */
		FA2AD7B82058328900A7C0C5 /* Main.storyboard */ = {
			isa = PBXVariantGroup;
			children = (
				FA2AD7B92058328900A7C0C5 /* Base */,
			);
			name = Main.storyboard;
			sourceTree = "<group>";
		};
		FA2AD7BD2058328900A7C0C5 /* LaunchScreen.storyboard */ = {
			isa = PBXVariantGroup;
			children = (
				FA2AD7BE2058328900A7C0C5 /* Base */,
			);
			name = LaunchScreen.storyboard;
			sourceTree = "<group>";
		};
/* End PBXVariantGroup section */

/* Begin XCBuildConfiguration section */
		FA2AD7D72058328900A7C0C5 /* Debug */ = {
			isa = XCBuildConfiguration;
			buildSettings = {
				ALWAYS_SEARCH_USER_PATHS = NO;
				CLANG_ANALYZER_NONNULL = YES;
				CLANG_ANALYZER_NUMBER_OBJECT_CONVERSION = YES_AGGRESSIVE;
				CLANG_CXX_LANGUAGE_STANDARD = "gnu++14";
				CLANG_CXX_LIBRARY = "libc++";
				CLANG_ENABLE_MODULES = YES;
				CLANG_ENABLE_OBJC_ARC = YES;
				CLANG_WARN_BLOCK_CAPTURE_AUTORELEASING = YES;
				CLANG_WARN_BOOL_CONVERSION = YES;
				CLANG_WARN_COMMA = YES;
				CLANG_WARN_CONSTANT_CONVERSION = YES;
				CLANG_WARN_DIRECT_OBJC_ISA_USAGE = YES_ERROR;
				CLANG_WARN_DOCUMENTATION_COMMENTS = YES;
				CLANG_WARN_EMPTY_BODY = YES;
				CLANG_WARN_ENUM_CONVERSION = YES;
				CLANG_WARN_INFINITE_RECURSION = YES;
				CLANG_WARN_INT_CONVERSION = YES;
				CLANG_WARN_NON_LITERAL_NULL_CONVERSION = YES;
				CLANG_WARN_OBJC_LITERAL_CONVERSION = YES;
				CLANG_WARN_OBJC_ROOT_CLASS = YES_ERROR;
				CLANG_WARN_RANGE_LOOP_ANALYSIS = YES;
				CLANG_WARN_STRICT_PROTOTYPES = YES;
				CLANG_WARN_SUSPICIOUS_MOVE = YES;
				CLANG_WARN_UNGUARDED_AVAILABILITY = YES_AGGRESSIVE;
				CLANG_WARN_UNREACHABLE_CODE = YES;
				CLANG_WARN__DUPLICATE_METHOD_MATCH = YES;
				CODE_SIGN_IDENTITY = "iPhone Developer";
				COPY_PHASE_STRIP = NO;
				DEBUG_INFORMATION_FORMAT = dwarf;
				ENABLE_STRICT_OBJC_MSGSEND = YES;
				ENABLE_TESTABILITY = YES;
				GCC_C_LANGUAGE_STANDARD = gnu11;
				GCC_DYNAMIC_NO_PIC = NO;
				GCC_NO_COMMON_BLOCKS = YES;
				GCC_OPTIMIZATION_LEVEL = 0;
				GCC_PREPROCESSOR_DEFINITIONS = (
					"DEBUG=1",
					"$(inherited)",
				);
				GCC_WARN_64_TO_32_BIT_CONVERSION = YES;
				GCC_WARN_ABOUT_RETURN_TYPE = YES_ERROR;
				GCC_WARN_UNDECLARED_SELECTOR = YES;
				GCC_WARN_UNINITIALIZED_AUTOS = YES_AGGRESSIVE;
				GCC_WARN_UNUSED_FUNCTION = YES;
				GCC_WARN_UNUSED_VARIABLE = YES;
				IPHONEOS_DEPLOYMENT_TARGET = 11.2;
				MTL_ENABLE_DEBUG_INFO = YES;
				ONLY_ACTIVE_ARCH = YES;
				SDKROOT = iphoneos;
				SWIFT_ACTIVE_COMPILATION_CONDITIONS = DEBUG;
				SWIFT_OPTIMIZATION_LEVEL = "-Onone";
			};
			name = Debug;
		};
		FA2AD7D82058328900A7C0C5 /* Release */ = {
			isa = XCBuildConfiguration;
			buildSettings = {
				ALWAYS_SEARCH_USER_PATHS = NO;
				CLANG_ANALYZER_NONNULL = YES;
				CLANG_ANALYZER_NUMBER_OBJECT_CONVERSION = YES_AGGRESSIVE;
				CLANG_CXX_LANGUAGE_STANDARD = "gnu++14";
				CLANG_CXX_LIBRARY = "libc++";
				CLANG_ENABLE_MODULES = YES;
				CLANG_ENABLE_OBJC_ARC = YES;
				CLANG_WARN_BLOCK_CAPTURE_AUTORELEASING = YES;
				CLANG_WARN_BOOL_CONVERSION = YES;
				CLANG_WARN_COMMA = YES;
				CLANG_WARN_CONSTANT_CONVERSION = YES;
				CLANG_WARN_DIRECT_OBJC_ISA_USAGE = YES_ERROR;
				CLANG_WARN_DOCUMENTATION_COMMENTS = YES;
				CLANG_WARN_EMPTY_BODY = YES;
				CLANG_WARN_ENUM_CONVERSION = YES;
				CLANG_WARN_INFINITE_RECURSION = YES;
				CLANG_WARN_INT_CONVERSION = YES;
				CLANG_WARN_NON_LITERAL_NULL_CONVERSION = YES;
				CLANG_WARN_OBJC_LITERAL_CONVERSION = YES;
				CLANG_WARN_OBJC_ROOT_CLASS = YES_ERROR;
				CLANG_WARN_RANGE_LOOP_ANALYSIS = YES;
				CLANG_WARN_STRICT_PROTOTYPES = YES;
				CLANG_WARN_SUSPICIOUS_MOVE = YES;
				CLANG_WARN_UNGUARDED_AVAILABILITY = YES_AGGRESSIVE;
				CLANG_WARN_UNREACHABLE_CODE = YES;
				CLANG_WARN__DUPLICATE_METHOD_MATCH = YES;
				CODE_SIGN_IDENTITY = "iPhone Developer";
				COPY_PHASE_STRIP = NO;
				DEBUG_INFORMATION_FORMAT = "dwarf-with-dsym";
				ENABLE_NS_ASSERTIONS = NO;
				ENABLE_STRICT_OBJC_MSGSEND = YES;
				GCC_C_LANGUAGE_STANDARD = gnu11;
				GCC_NO_COMMON_BLOCKS = YES;
				GCC_WARN_64_TO_32_BIT_CONVERSION = YES;
				GCC_WARN_ABOUT_RETURN_TYPE = YES_ERROR;
				GCC_WARN_UNDECLARED_SELECTOR = YES;
				GCC_WARN_UNINITIALIZED_AUTOS = YES_AGGRESSIVE;
				GCC_WARN_UNUSED_FUNCTION = YES;
				GCC_WARN_UNUSED_VARIABLE = YES;
				IPHONEOS_DEPLOYMENT_TARGET = 11.2;
				MTL_ENABLE_DEBUG_INFO = NO;
				SDKROOT = iphoneos;
				SWIFT_OPTIMIZATION_LEVEL = "-Owholemodule";
				VALIDATE_PRODUCT = YES;
			};
			name = Release;
		};
		FA2AD7DA2058328900A7C0C5 /* Debug */ = {
			isa = XCBuildConfiguration;
			buildSettings = {
				ASSETCATALOG_COMPILER_APPICON_NAME = AppIcon;
				CODE_SIGN_STYLE = Automatic;
				DEVELOPMENT_TEAM = NX7C2QWX95;
				INFOPLIST_FILE = SQLitePersistenceEricW/Info.plist;
				LD_RUNPATH_SEARCH_PATHS = "$(inherited) @executable_path/Frameworks";
				PRODUCT_BUNDLE_IDENTIFIER = com.witowskieric71.SQLitePersistenceEricW;
				PRODUCT_NAME = "$(TARGET_NAME)";
				SWIFT_VERSION = 4.0;
				TARGETED_DEVICE_FAMILY = "1,2";
			};
			name = Debug;
		};
		FA2AD7DB2058328900A7C0C5 /* Release */ = {
			isa = XCBuildConfiguration;
			buildSettings = {
				ASSETCATALOG_COMPILER_APPICON_NAME = AppIcon;
				CODE_SIGN_STYLE = Automatic;
				DEVELOPMENT_TEAM = NX7C2QWX95;
				INFOPLIST_FILE = SQLitePersistenceEricW/Info.plist;
				LD_RUNPATH_SEARCH_PATHS = "$(inherited) @executable_path/Frameworks";
				PRODUCT_BUNDLE_IDENTIFIER = com.witowskieric71.SQLitePersistenceEricW;
				PRODUCT_NAME = "$(TARGET_NAME)";
				SWIFT_VERSION = 4.0;
				TARGETED_DEVICE_FAMILY = "1,2";
			};
			name = Release;
		};
		FA2AD7DD2058328900A7C0C5 /* Debug */ = {
			isa = XCBuildConfiguration;
			buildSettings = {
				ALWAYS_EMBED_SWIFT_STANDARD_LIBRARIES = YES;
				BUNDLE_LOADER = "$(TEST_HOST)";
				CODE_SIGN_STYLE = Automatic;
				DEVELOPMENT_TEAM = NX7C2QWX95;
				INFOPLIST_FILE = SQLitePersistenceEricWTests/Info.plist;
				LD_RUNPATH_SEARCH_PATHS = "$(inherited) @executable_path/Frameworks @loader_path/Frameworks";
				PRODUCT_BUNDLE_IDENTIFIER = com.witowskieric71.SQLitePersistenceEricWTests;
				PRODUCT_NAME = "$(TARGET_NAME)";
				SWIFT_VERSION = 4.0;
				TARGETED_DEVICE_FAMILY = "1,2";
				TEST_HOST = "$(BUILT_PRODUCTS_DIR)/SQLitePersistenceEricW.app/SQLitePersistenceEricW";
			};
			name = Debug;
		};
		FA2AD7DE2058328900A7C0C5 /* Release */ = {
			isa = XCBuildConfiguration;
			buildSettings = {
				ALWAYS_EMBED_SWIFT_STANDARD_LIBRARIES = YES;
				BUNDLE_LOADER = "$(TEST_HOST)";
				CODE_SIGN_STYLE = Automatic;
				DEVELOPMENT_TEAM = NX7C2QWX95;
				INFOPLIST_FILE = SQLitePersistenceEricWTests/Info.plist;
				LD_RUNPATH_SEARCH_PATHS = "$(inherited) @executable_path/Frameworks @loader_path/Frameworks";
				PRODUCT_BUNDLE_IDENTIFIER = com.witowskieric71.SQLitePersistenceEricWTests;
				PRODUCT_NAME = "$(TARGET_NAME)";
				SWIFT_VERSION = 4.0;
				TARGETED_DEVICE_FAMILY = "1,2";
				TEST_HOST = "$(BUILT_PRODUCTS_DIR)/SQLitePersistenceEricW.app/SQLitePersistenceEricW";
			};
			name = Release;
		};
		FA2AD7E02058328900A7C0C5 /* Debug */ = {
			isa = XCBuildConfiguration;
			buildSettings = {
				ALWAYS_EMBED_SWIFT_STANDARD_LIBRARIES = YES;
				CODE_SIGN_STYLE = Automatic;
				DEVELOPMENT_TEAM = NX7C2QWX95;
				INFOPLIST_FILE = SQLitePersistenceEricWUITests/Info.plist;
				LD_RUNPATH_SEARCH_PATHS = "$(inherited) @executable_path/Frameworks @loader_path/Frameworks";
				PRODUCT_BUNDLE_IDENTIFIER = com.witowskieric71.SQLitePersistenceEricWUITests;
				PRODUCT_NAME = "$(TARGET_NAME)";
				SWIFT_VERSION = 4.0;
				TARGETED_DEVICE_FAMILY = "1,2";
				TEST_TARGET_NAME = SQLitePersistenceEricW;
			};
			name = Debug;
		};
		FA2AD7E12058328900A7C0C5 /* Release */ = {
			isa = XCBuildConfiguration;
			buildSettings = {
				ALWAYS_EMBED_SWIFT_STANDARD_LIBRARIES = YES;
				CODE_SIGN_STYLE = Automatic;
				DEVELOPMENT_TEAM = NX7C2QWX95;
				INFOPLIST_FILE = SQLitePersistenceEricWUITests/Info.plist;
				LD_RUNPATH_SEARCH_PATHS = "$(inherited) @executable_path/Frameworks @loader_path/Frameworks";
				PRODUCT_BUNDLE_IDENTIFIER = com.witowskieric71.SQLitePersistenceEricWUITests;
				PRODUCT_NAME = "$(TARGET_NAME)";
				SWIFT_VERSION = 4.0;
				TARGETED_DEVICE_FAMILY = "1,2";
				TEST_TARGET_NAME = SQLitePersistenceEricW;
			};
			name = Release;
		};
/* End XCBuildConfiguration section */

/* Begin XCConfigurationList section */
		FA2AD7AC2058328900A7C0C5 /* Build configuration list for PBXProject "SQLitePersistenceEricW" */ = {
			isa = XCConfigurationList;
			buildConfigurations = (
				FA2AD7D72058328900A7C0C5 /* Debug */,
				FA2AD7D82058328900A7C0C5 /* Release */,
			);
			defaultConfigurationIsVisible = 0;
			defaultConfigurationName = Release;
		};
		FA2AD7D92058328900A7C0C5 /* Build configuration list for PBXNativeTarget "SQLitePersistenceEricW" */ = {
			isa = XCConfigurationList;
			buildConfigurations = (
				FA2AD7DA2058328900A7C0C5 /* Debug */,
				FA2AD7DB2058328900A7C0C5 /* Release */,
			);
			defaultConfigurationIsVisible = 0;
			defaultConfigurationName = Release;
		};
		FA2AD7DC2058328900A7C0C5 /* Build configuration list for PBXNativeTarget "SQLitePersistenceEricWTests" */ = {
			isa = XCConfigurationList;
			buildConfigurations = (
				FA2AD7DD2058328900A7C0C5 /* Debug */,
				FA2AD7DE2058328900A7C0C5 /* Release */,
			);
			defaultConfigurationIsVisible = 0;
			defaultConfigurationName = Release;
		};
		FA2AD7DF2058328900A7C0C5 /* Build configuration list for PBXNativeTarget "SQLitePersistenceEricWUITests" */ = {
			isa = XCConfigurationList;
			buildConfigurations = (
				FA2AD7E02058328900A7C0C5 /* Debug */,
				FA2AD7E12058328900A7C0C5 /* Release */,
			);
			defaultConfigurationIsVisible = 0;
			defaultConfigurationName = Release;
		};
/* End XCConfigurationList section */
	};
	rootObject = FA2AD7A92058328900A7C0C5 /* Project object */;
}
